
Microsoft Visual Studio Solution File, Format Version 12.00
# Visual Studio Version 16
VisualStudioVersion = 16.0.29306.81
MinimumVisualStudioVersion = 10.0.40219.1
Project("{FAE04EC0-301F-11D3-BF4B-00C04F79EFBC}") = "AzureAppConfigurationExample.Web", "AzureAppConfigurationExample.Web\AzureAppConfigurationExample.Web.csproj", "{BFD46116-0555-4E93-AE50-B1DD1D51513C}"
EndProject
Global
	GlobalSection(SolutionConfigurationPlatforms) = preSolution
		Debug|Any CPU = Debug|Any CPU
		Release|Any CPU = Release|Any CPU
	EndGlobalSection
	GlobalSection(ProjectConfigurationPlatforms) = postSolution
		{BFD46116-0555-4E93-AE50-B1DD1D51513C}.Debug|Any CPU.ActiveCfg = Debug|Any CPU
		{BFD46116-0555-4E93-AE50-B1DD1D51513C}.Debug|Any CPU.Build.0 = Debug|Any CPU
		{BFD46116-0555-4E93-AE50-B1DD1D51513C}.Release|Any CPU.ActiveCfg = Release|Any CPU
		{BFD46116-0555-4E93-AE50-B1DD1D51513C}.Release|Any CPU.Build.0 = Release|Any CPU
	EndGlobalSection
	GlobalSection(SolutionProperties) = preSolution
		HideSolutionNode = FALSE
	EndGlobalSection
	GlobalSection(ExtensibilityGlobals) = postSolution
		SolutionGuid = {A23261FD-D6B0-4400-9AC5-DAED587BDAF3}
	EndGlobalSection
EndGlobal
